
Microsoft Visual Studio Solution File, Format Version 12.00
# Visual Studio Version 17
VisualStudioVersion = 17.0.31903.59
MinimumVisualStudioVersion = 10.0.40219.1
Project("{2150E333-8FDC-42A3-9474-1A3956D46DE8}") = "src", "src", "{827E0CD3-B72D-47B6-A68D-7590B98EB39B}"
EndProject
Project("{FAE04EC0-301F-11D3-BF4B-00C04F79EFBC}") = "Kiosk.Shared", "src\Kiosk.Shared\Kiosk.Shared.csproj", "{3331DC78-64B5-4065-B8E9-DC919A427C38}"
EndProject
Project("{FAE04EC0-301F-11D3-BF4B-00C04F79EFBC}") = "Kiosk.Client", "src\Kiosk.Client\Kiosk.Client.csproj", "{D0B41D11-177F-43C1-9730-6D75322AC1FB}"
EndProject
Project("{2150E333-8FDC-42A3-9474-1A3956D46DE8}") = "tests", "tests", "{0AB3BF05-4346-4AA6-1389-037BE0695223}"
EndProject
Project("{2150E333-8FDC-42A3-9474-1A3956D46DE8}") = "Kiosk.Tests", "Kiosk.Tests", "{D312F8F3-C599-747A-8219-C6E6A05B01D9}"
EndProject
Project("{FAE04EC0-301F-11D3-BF4B-00C04F79EFBC}") = "KioskClinicaPC.Tests", "tests\Kiosk.Tests\KioskClinicaPC.Tests.csproj", "{0C2DBDB4-4B24-4845-91BF-F0E8442C7905}"
EndProject
Global
	GlobalSection(SolutionConfigurationPlatforms) = preSolution
		Debug|Any CPU = Debug|Any CPU
		Debug|x64 = Debug|x64
		Debug|x86 = Debug|x86
		Release|Any CPU = Release|Any CPU
		Release|x64 = Release|x64
		Release|x86 = Release|x86
	EndGlobalSection
	GlobalSection(ProjectConfigurationPlatforms) = postSolution
		{3331DC78-64B5-4065-B8E9-DC919A427C38}.Debug|Any CPU.ActiveCfg = Debug|Any CPU
		{3331DC78-64B5-4065-B8E9-DC919A427C38}.Debug|Any CPU.Build.0 = Debug|Any CPU
		{3331DC78-64B5-4065-B8E9-DC919A427C38}.Debug|x64.ActiveCfg = Debug|Any CPU
		{3331DC78-64B5-4065-B8E9-DC919A427C38}.Debug|x64.Build.0 = Debug|Any CPU
		{3331DC78-64B5-4065-B8E9-DC919A427C38}.Debug|x86.ActiveCfg = Debug|Any CPU
		{3331DC78-64B5-4065-B8E9-DC919A427C38}.Debug|x86.Build.0 = Debug|Any CPU
		{3331DC78-64B5-4065-B8E9-DC919A427C38}.Release|Any CPU.ActiveCfg = Release|Any CPU
		{3331DC78-64B5-4065-B8E9-DC919A427C38}.Release|Any CPU.Build.0 = Release|Any CPU
		{3331DC78-64B5-4065-B8E9-DC919A427C38}.Release|x64.ActiveCfg = Release|Any CPU
		{3331DC78-64B5-4065-B8E9-DC919A427C38}.Release|x64.Build.0 = Release|Any CPU
		{3331DC78-64B5-4065-B8E9-DC919A427C38}.Release|x86.ActiveCfg = Release|Any CPU
		{3331DC78-64B5-4065-B8E9-DC919A427C38}.Release|x86.Build.0 = Release|Any CPU
		{D0B41D11-177F-43C1-9730-6D75322AC1FB}.Debug|Any CPU.ActiveCfg = Debug|Any CPU
		{D0B41D11-177F-43C1-9730-6D75322AC1FB}.Debug|Any CPU.Build.0 = Debug|Any CPU
		{D0B41D11-177F-43C1-9730-6D75322AC1FB}.Debug|x64.ActiveCfg = Debug|Any CPU
		{D0B41D11-177F-43C1-9730-6D75322AC1FB}.Debug|x64.Build.0 = Debug|Any CPU
		{D0B41D11-177F-43C1-9730-6D75322AC1FB}.Debug|x86.ActiveCfg = Debug|Any CPU
		{D0B41D11-177F-43C1-9730-6D75322AC1FB}.Debug|x86.Build.0 = Debug|Any CPU
		{D0B41D11-177F-43C1-9730-6D75322AC1FB}.Release|Any CPU.ActiveCfg = Release|Any CPU
		{D0B41D11-177F-43C1-9730-6D75322AC1FB}.Release|Any CPU.Build.0 = Release|Any CPU
		{D0B41D11-177F-43C1-9730-6D75322AC1FB}.Release|x64.ActiveCfg = Release|Any CPU
		{D0B41D11-177F-43C1-9730-6D75322AC1FB}.Release|x64.Build.0 = Release|Any CPU
		{D0B41D11-177F-43C1-9730-6D75322AC1FB}.Release|x86.ActiveCfg = Release|Any CPU
		{D0B41D11-177F-43C1-9730-6D75322AC1FB}.Release|x86.Build.0 = Release|Any CPU
		{0C2DBDB4-4B24-4845-91BF-F0E8442C7905}.Debug|Any CPU.ActiveCfg = Debug|Any CPU
		{0C2DBDB4-4B24-4845-91BF-F0E8442C7905}.Debug|Any CPU.Build.0 = Debug|Any CPU
		{0C2DBDB4-4B24-4845-91BF-F0E8442C7905}.Debug|x64.ActiveCfg = Debug|Any CPU
		{0C2DBDB4-4B24-4845-91BF-F0E8442C7905}.Debug|x64.Build.0 = Debug|Any CPU
		{0C2DBDB4-4B24-4845-91BF-F0E8442C7905}.Debug|x86.ActiveCfg = Debug|Any CPU
		{0C2DBDB4-4B24-4845-91BF-F0E8442C7905}.Debug|x86.Build.0 = Debug|Any CPU
		{0C2DBDB4-4B24-4845-91BF-F0E8442C7905}.Release|Any CPU.ActiveCfg = Release|Any CPU
		{0C2DBDB4-4B24-4845-91BF-F0E8442C7905}.Release|Any CPU.Build.0 = Release|Any CPU
		{0C2DBDB4-4B24-4845-91BF-F0E8442C7905}.Release|x64.ActiveCfg = Release|Any CPU
		{0C2DBDB4-4B24-4845-91BF-F0E8442C7905}.Release|x64.Build.0 = Release|Any CPU
		{0C2DBDB4-4B24-4845-91BF-F0E8442C7905}.Release|x86.ActiveCfg = Release|Any CPU
		{0C2DBDB4-4B24-4845-91BF-F0E8442C7905}.Release|x86.Build.0 = Release|Any CPU
	EndGlobalSection
	GlobalSection(SolutionProperties) = preSolution
		HideSolutionNode = FALSE
	EndGlobalSection
	GlobalSection(NestedProjects) = preSolution
		{3331DC78-64B5-4065-B8E9-DC919A427C38} = {827E0CD3-B72D-47B6-A68D-7590B98EB39B}
		{D0B41D11-177F-43C1-9730-6D75322AC1FB} = {827E0CD3-B72D-47B6-A68D-7590B98EB39B}
		{D312F8F3-C599-747A-8219-C6E6A05B01D9} = {0AB3BF05-4346-4AA6-1389-037BE0695223}
		{0C2DBDB4-4B24-4845-91BF-F0E8442C7905} = {D312F8F3-C599-747A-8219-C6E6A05B01D9}
	EndGlobalSection
EndGlobal
