
Microsoft Visual Studio Solution File, Format Version 12.00
# Visual Studio Version 17
VisualStudioVersion = 17.0.31903.59
MinimumVisualStudioVersion = 10.0.40219.1
Project("{2150E333-8FDC-42A3-9474-1A3956D46DE8}") = "src", "src", "{827E0CD3-B72D-47B6-A68D-7590B98EB39B}"
EndProject
Project("{FAE04EC0-301F-11D3-BF4B-00C04F79EFBC}") = "Kiosk.Shared", "src\Kiosk.Shared\Kiosk.Shared.csproj", "{3331DC78-64B5-4065-B8E9-DC919A427C38}"
EndProject
Project("{FAE04EC0-301F-11D3-BF4B-00C04F79EFBC}") = "Kiosk.Client", "src\Kiosk.Client\Kiosk.Client.csproj", "{D0B41D11-177F-43C1-9730-6D75322AC1FB}"
EndProject
Project("{2150E333-8FDC-42A3-9474-1A3956D46DE8}") = "tests", "tests", "{0AB3BF05-4346-4AA6-1389-037BE0695223}"
EndProject
Project("{2150E333-8FDC-42A3-9474-1A3956D46DE8}") = "Kiosk.Tests", "Kiosk.Tests", "{D312F8F3-C599-747A-8219-C6E6A05B01D9}"
EndProject
Project("{FAE04EC0-301F-11D3-BF4B-00C04F79EFBC}") = "KioskClinicaPC.Tests", "tests\Kiosk.Tests\KioskClinicaPC.Tests.csproj", "{0C2DBDB4-4B24-4845-91BF-F0E8442C7905}"
EndProject
Project("{FAE04EC0-301F-11D3-BF4B-00C04F79EFBC}") = "Kiosk.Server", "src\Kiosk.Server\Kiosk.Server.csproj", "{A085316C-2B5D-4ABF-BAFE-73C0FD486DC9}"
EndProject
Project("{FAE04EC0-301F-11D3-BF4B-00C04F79EFBC}") = "Kiosk.InstallerAgent", "src\Kiosk.InstallerAgent\Kiosk.InstallerAgent.csproj", "{4F35C7B8-D74C-4F4B-B7BA-B952BED21B31}"
EndProject
Project("{FAE04EC0-301F-11D3-BF4B-00C04F79EFBC}") = "Kiosk.MaintenanceRunner", "src\Kiosk.MaintenanceRunner\Kiosk.MaintenanceRunner.csproj", "{61EC9A7F-EB77-4E68-97D4-B2C77525F943}"
EndProject
Project("{FAE04EC0-301F-11D3-BF4B-00C04F79EFBC}") = "Kiosk.InstallerCore", "src\Kiosk.InstallerCore\Kiosk.InstallerCore.csproj", "{7D1F5B3E-6AB2-4F49-A58D-7811BAF0C921}"
EndProject
Project("{FAE04EC0-301F-11D3-BF4B-00C04F79EFBC}") = "Kiosk.SetupHelper", "src\Kiosk.SetupHelper\Kiosk.SetupHelper.csproj", "{8E2A6C4F-7BC3-405A-B69E-8922CB01DA32}"
EndProject
Project("{FAE04EC0-301F-11D3-BF4B-00C04F79EFBC}") = "Kiosk.Server.Tests", "tests\Kiosk.Server.Tests\Kiosk.Server.Tests.csproj", "{DB70ECA6-0F65-4B55-B020-DBD86362294E}"
EndProject
Project("{FAE04EC0-301F-11D3-BF4B-00C04F79EFBC}") = "Kiosk.UpdateRunner", "src\Kiosk.UpdateRunner\Kiosk.UpdateRunner.csproj", "{A19FB835-93D7-4EB4-96ED-74771F79E498}"
EndProject
Project("{FAE04EC0-301F-11D3-BF4B-00C04F79EFBC}") = "Kiosk.ReleaseTool", "tools\Kiosk.ReleaseTool\Kiosk.ReleaseTool.csproj", "{6A1B38C6-8A79-4D50-B810-0501E2028D95}"
EndProject
Project("{FAE04EC0-301F-11D3-BF4B-00C04F79EFBC}") = "Kiosk.EquipmentSetup", "src\Kiosk.EquipmentSetup\Kiosk.EquipmentSetup.csproj", "{F9089217-CACF-4742-A98B-C3C86C9F9CC5}"
EndProject
Project("{FAE04EC0-301F-11D3-BF4B-00C04F79EFBC}") = "Kiosk.EquipmentSetup.Tests", "tests\Kiosk.EquipmentSetup.Tests\Kiosk.EquipmentSetup.Tests.csproj", "{1C5BF0A5-7A47-417D-A345-4A622A85B8D4}"
EndProject
Project("{FAE04EC0-301F-11D3-BF4B-00C04F79EFBC}") = "Kiosk.DeploymentCore", "src\Kiosk.DeploymentCore\Kiosk.DeploymentCore.csproj", "{7B66342D-5684-4EE8-9AAE-C96F48BFB48A}"
EndProject
Project("{FAE04EC0-301F-11D3-BF4B-00C04F79EFBC}") = "Kiosk.DeploymentManager", "src\Kiosk.DeploymentManager\Kiosk.DeploymentManager.csproj", "{63709586-DC10-4C57-8A15-A66C543D99DB}"
EndProject
Project("{FAE04EC0-301F-11D3-BF4B-00C04F79EFBC}") = "Kiosk.DeploymentService", "src\Kiosk.DeploymentService\Kiosk.DeploymentService.csproj", "{E79CDE3C-C12A-4B1A-8C6D-BD759EC9EE7E}"
EndProject
Project("{FAE04EC0-301F-11D3-BF4B-00C04F79EFBC}") = "Kiosk.DeploymentPostInstall", "src\Kiosk.DeploymentPostInstall\Kiosk.DeploymentPostInstall.csproj", "{830BDE69-72FC-4203-8EF2-35070F30F187}"
EndProject
Project("{FAE04EC0-301F-11D3-BF4B-00C04F79EFBC}") = "Kiosk.EquipmentCore", "src\Kiosk.EquipmentCore\Kiosk.EquipmentCore.csproj", "{64BC9AEA-E6DA-4B20-A61E-67688BBA990B}"
EndProject
Global
	GlobalSection(SolutionConfigurationPlatforms) = preSolution
		Debug|Any CPU = Debug|Any CPU
		Debug|x64 = Debug|x64
		Debug|x86 = Debug|x86
		Release|Any CPU = Release|Any CPU
		Release|x64 = Release|x64
		Release|x86 = Release|x86
	EndGlobalSection
	GlobalSection(ProjectConfigurationPlatforms) = postSolution
		{3331DC78-64B5-4065-B8E9-DC919A427C38}.Debug|Any CPU.ActiveCfg = Debug|Any CPU
		{3331DC78-64B5-4065-B8E9-DC919A427C38}.Debug|Any CPU.Build.0 = Debug|Any CPU
		{3331DC78-64B5-4065-B8E9-DC919A427C38}.Debug|x64.ActiveCfg = Debug|Any CPU
		{3331DC78-64B5-4065-B8E9-DC919A427C38}.Debug|x64.Build.0 = Debug|Any CPU
		{3331DC78-64B5-4065-B8E9-DC919A427C38}.Debug|x86.ActiveCfg = Debug|Any CPU
		{3331DC78-64B5-4065-B8E9-DC919A427C38}.Debug|x86.Build.0 = Debug|Any CPU
		{3331DC78-64B5-4065-B8E9-DC919A427C38}.Release|Any CPU.ActiveCfg = Release|Any CPU
		{3331DC78-64B5-4065-B8E9-DC919A427C38}.Release|Any CPU.Build.0 = Release|Any CPU
		{3331DC78-64B5-4065-B8E9-DC919A427C38}.Release|x64.ActiveCfg = Release|Any CPU
		{3331DC78-64B5-4065-B8E9-DC919A427C38}.Release|x64.Build.0 = Release|Any CPU
		{3331DC78-64B5-4065-B8E9-DC919A427C38}.Release|x86.ActiveCfg = Release|Any CPU
		{3331DC78-64B5-4065-B8E9-DC919A427C38}.Release|x86.Build.0 = Release|Any CPU
		{D0B41D11-177F-43C1-9730-6D75322AC1FB}.Debug|Any CPU.ActiveCfg = Debug|Any CPU
		{D0B41D11-177F-43C1-9730-6D75322AC1FB}.Debug|Any CPU.Build.0 = Debug|Any CPU
		{D0B41D11-177F-43C1-9730-6D75322AC1FB}.Debug|x64.ActiveCfg = Debug|Any CPU
		{D0B41D11-177F-43C1-9730-6D75322AC1FB}.Debug|x64.Build.0 = Debug|Any CPU
		{D0B41D11-177F-43C1-9730-6D75322AC1FB}.Debug|x86.ActiveCfg = Debug|Any CPU
		{D0B41D11-177F-43C1-9730-6D75322AC1FB}.Debug|x86.Build.0 = Debug|Any CPU
		{D0B41D11-177F-43C1-9730-6D75322AC1FB}.Release|Any CPU.ActiveCfg = Release|Any CPU
		{D0B41D11-177F-43C1-9730-6D75322AC1FB}.Release|Any CPU.Build.0 = Release|Any CPU
		{D0B41D11-177F-43C1-9730-6D75322AC1FB}.Release|x64.ActiveCfg = Release|Any CPU
		{D0B41D11-177F-43C1-9730-6D75322AC1FB}.Release|x64.Build.0 = Release|Any CPU
		{D0B41D11-177F-43C1-9730-6D75322AC1FB}.Release|x86.ActiveCfg = Release|Any CPU
		{D0B41D11-177F-43C1-9730-6D75322AC1FB}.Release|x86.Build.0 = Release|Any CPU
		{0C2DBDB4-4B24-4845-91BF-F0E8442C7905}.Debug|Any CPU.ActiveCfg = Debug|Any CPU
		{0C2DBDB4-4B24-4845-91BF-F0E8442C7905}.Debug|Any CPU.Build.0 = Debug|Any CPU
		{0C2DBDB4-4B24-4845-91BF-F0E8442C7905}.Debug|x64.ActiveCfg = Debug|Any CPU
		{0C2DBDB4-4B24-4845-91BF-F0E8442C7905}.Debug|x64.Build.0 = Debug|Any CPU
		{0C2DBDB4-4B24-4845-91BF-F0E8442C7905}.Debug|x86.ActiveCfg = Debug|Any CPU
		{0C2DBDB4-4B24-4845-91BF-F0E8442C7905}.Debug|x86.Build.0 = Debug|Any CPU
		{0C2DBDB4-4B24-4845-91BF-F0E8442C7905}.Release|Any CPU.ActiveCfg = Release|Any CPU
		{0C2DBDB4-4B24-4845-91BF-F0E8442C7905}.Release|Any CPU.Build.0 = Release|Any CPU
		{0C2DBDB4-4B24-4845-91BF-F0E8442C7905}.Release|x64.ActiveCfg = Release|Any CPU
		{0C2DBDB4-4B24-4845-91BF-F0E8442C7905}.Release|x64.Build.0 = Release|Any CPU
		{0C2DBDB4-4B24-4845-91BF-F0E8442C7905}.Release|x86.ActiveCfg = Release|Any CPU
		{0C2DBDB4-4B24-4845-91BF-F0E8442C7905}.Release|x86.Build.0 = Release|Any CPU
		{A085316C-2B5D-4ABF-BAFE-73C0FD486DC9}.Debug|Any CPU.ActiveCfg = Debug|Any CPU
		{A085316C-2B5D-4ABF-BAFE-73C0FD486DC9}.Debug|Any CPU.Build.0 = Debug|Any CPU
		{A085316C-2B5D-4ABF-BAFE-73C0FD486DC9}.Debug|x64.ActiveCfg = Debug|Any CPU
		{A085316C-2B5D-4ABF-BAFE-73C0FD486DC9}.Debug|x64.Build.0 = Debug|Any CPU
		{A085316C-2B5D-4ABF-BAFE-73C0FD486DC9}.Debug|x86.ActiveCfg = Debug|Any CPU
		{A085316C-2B5D-4ABF-BAFE-73C0FD486DC9}.Debug|x86.Build.0 = Debug|Any CPU
		{A085316C-2B5D-4ABF-BAFE-73C0FD486DC9}.Release|Any CPU.ActiveCfg = Release|Any CPU
		{A085316C-2B5D-4ABF-BAFE-73C0FD486DC9}.Release|Any CPU.Build.0 = Release|Any CPU
		{A085316C-2B5D-4ABF-BAFE-73C0FD486DC9}.Release|x64.ActiveCfg = Release|Any CPU
		{A085316C-2B5D-4ABF-BAFE-73C0FD486DC9}.Release|x64.Build.0 = Release|Any CPU
		{A085316C-2B5D-4ABF-BAFE-73C0FD486DC9}.Release|x86.ActiveCfg = Release|Any CPU
		{A085316C-2B5D-4ABF-BAFE-73C0FD486DC9}.Release|x86.Build.0 = Release|Any CPU
		{4F35C7B8-D74C-4F4B-B7BA-B952BED21B31}.Debug|Any CPU.ActiveCfg = Debug|Any CPU
		{4F35C7B8-D74C-4F4B-B7BA-B952BED21B31}.Debug|Any CPU.Build.0 = Debug|Any CPU
		{4F35C7B8-D74C-4F4B-B7BA-B952BED21B31}.Debug|x64.ActiveCfg = Debug|Any CPU
		{4F35C7B8-D74C-4F4B-B7BA-B952BED21B31}.Debug|x64.Build.0 = Debug|Any CPU
		{4F35C7B8-D74C-4F4B-B7BA-B952BED21B31}.Debug|x86.ActiveCfg = Debug|Any CPU
		{4F35C7B8-D74C-4F4B-B7BA-B952BED21B31}.Debug|x86.Build.0 = Debug|Any CPU
		{4F35C7B8-D74C-4F4B-B7BA-B952BED21B31}.Release|Any CPU.ActiveCfg = Release|Any CPU
		{4F35C7B8-D74C-4F4B-B7BA-B952BED21B31}.Release|Any CPU.Build.0 = Release|Any CPU
		{4F35C7B8-D74C-4F4B-B7BA-B952BED21B31}.Release|x64.ActiveCfg = Release|Any CPU
		{4F35C7B8-D74C-4F4B-B7BA-B952BED21B31}.Release|x64.Build.0 = Release|Any CPU
		{4F35C7B8-D74C-4F4B-B7BA-B952BED21B31}.Release|x86.ActiveCfg = Release|Any CPU
		{4F35C7B8-D74C-4F4B-B7BA-B952BED21B31}.Release|x86.Build.0 = Release|Any CPU
		{61EC9A7F-EB77-4E68-97D4-B2C77525F943}.Debug|Any CPU.ActiveCfg = Debug|Any CPU
		{61EC9A7F-EB77-4E68-97D4-B2C77525F943}.Debug|Any CPU.Build.0 = Debug|Any CPU
		{61EC9A7F-EB77-4E68-97D4-B2C77525F943}.Debug|x64.ActiveCfg = Debug|Any CPU
		{61EC9A7F-EB77-4E68-97D4-B2C77525F943}.Debug|x64.Build.0 = Debug|Any CPU
		{61EC9A7F-EB77-4E68-97D4-B2C77525F943}.Debug|x86.ActiveCfg = Debug|Any CPU
		{61EC9A7F-EB77-4E68-97D4-B2C77525F943}.Debug|x86.Build.0 = Debug|Any CPU
		{61EC9A7F-EB77-4E68-97D4-B2C77525F943}.Release|Any CPU.ActiveCfg = Release|Any CPU
		{61EC9A7F-EB77-4E68-97D4-B2C77525F943}.Release|Any CPU.Build.0 = Release|Any CPU
		{61EC9A7F-EB77-4E68-97D4-B2C77525F943}.Release|x64.ActiveCfg = Release|Any CPU
		{61EC9A7F-EB77-4E68-97D4-B2C77525F943}.Release|x64.Build.0 = Release|Any CPU
		{61EC9A7F-EB77-4E68-97D4-B2C77525F943}.Release|x86.ActiveCfg = Release|Any CPU
		{61EC9A7F-EB77-4E68-97D4-B2C77525F943}.Release|x86.Build.0 = Release|Any CPU
		{7D1F5B3E-6AB2-4F49-A58D-7811BAF0C921}.Debug|Any CPU.ActiveCfg = Debug|Any CPU
		{7D1F5B3E-6AB2-4F49-A58D-7811BAF0C921}.Debug|Any CPU.Build.0 = Debug|Any CPU
		{7D1F5B3E-6AB2-4F49-A58D-7811BAF0C921}.Debug|x64.ActiveCfg = Debug|Any CPU
		{7D1F5B3E-6AB2-4F49-A58D-7811BAF0C921}.Debug|x64.Build.0 = Debug|Any CPU
		{7D1F5B3E-6AB2-4F49-A58D-7811BAF0C921}.Debug|x86.ActiveCfg = Debug|Any CPU
		{7D1F5B3E-6AB2-4F49-A58D-7811BAF0C921}.Debug|x86.Build.0 = Debug|Any CPU
		{7D1F5B3E-6AB2-4F49-A58D-7811BAF0C921}.Release|Any CPU.ActiveCfg = Release|Any CPU
		{7D1F5B3E-6AB2-4F49-A58D-7811BAF0C921}.Release|Any CPU.Build.0 = Release|Any CPU
		{7D1F5B3E-6AB2-4F49-A58D-7811BAF0C921}.Release|x64.ActiveCfg = Release|Any CPU
		{7D1F5B3E-6AB2-4F49-A58D-7811BAF0C921}.Release|x64.Build.0 = Release|Any CPU
		{7D1F5B3E-6AB2-4F49-A58D-7811BAF0C921}.Release|x86.ActiveCfg = Release|Any CPU
		{7D1F5B3E-6AB2-4F49-A58D-7811BAF0C921}.Release|x86.Build.0 = Release|Any CPU
		{8E2A6C4F-7BC3-405A-B69E-8922CB01DA32}.Debug|Any CPU.ActiveCfg = Debug|Any CPU
		{8E2A6C4F-7BC3-405A-B69E-8922CB01DA32}.Debug|Any CPU.Build.0 = Debug|Any CPU
		{8E2A6C4F-7BC3-405A-B69E-8922CB01DA32}.Debug|x64.ActiveCfg = Debug|Any CPU
		{8E2A6C4F-7BC3-405A-B69E-8922CB01DA32}.Debug|x64.Build.0 = Debug|Any CPU
		{8E2A6C4F-7BC3-405A-B69E-8922CB01DA32}.Debug|x86.ActiveCfg = Debug|Any CPU
		{8E2A6C4F-7BC3-405A-B69E-8922CB01DA32}.Debug|x86.Build.0 = Debug|Any CPU
		{8E2A6C4F-7BC3-405A-B69E-8922CB01DA32}.Release|Any CPU.ActiveCfg = Release|Any CPU
		{8E2A6C4F-7BC3-405A-B69E-8922CB01DA32}.Release|Any CPU.Build.0 = Release|Any CPU
		{8E2A6C4F-7BC3-405A-B69E-8922CB01DA32}.Release|x64.ActiveCfg = Release|Any CPU
		{8E2A6C4F-7BC3-405A-B69E-8922CB01DA32}.Release|x64.Build.0 = Release|Any CPU
		{8E2A6C4F-7BC3-405A-B69E-8922CB01DA32}.Release|x86.ActiveCfg = Release|Any CPU
		{8E2A6C4F-7BC3-405A-B69E-8922CB01DA32}.Release|x86.Build.0 = Release|Any CPU
		{DB70ECA6-0F65-4B55-B020-DBD86362294E}.Debug|Any CPU.ActiveCfg = Debug|Any CPU
		{DB70ECA6-0F65-4B55-B020-DBD86362294E}.Debug|Any CPU.Build.0 = Debug|Any CPU
		{DB70ECA6-0F65-4B55-B020-DBD86362294E}.Debug|x64.ActiveCfg = Debug|Any CPU
		{DB70ECA6-0F65-4B55-B020-DBD86362294E}.Debug|x64.Build.0 = Debug|Any CPU
		{DB70ECA6-0F65-4B55-B020-DBD86362294E}.Debug|x86.ActiveCfg = Debug|Any CPU
		{DB70ECA6-0F65-4B55-B020-DBD86362294E}.Debug|x86.Build.0 = Debug|Any CPU
		{DB70ECA6-0F65-4B55-B020-DBD86362294E}.Release|Any CPU.ActiveCfg = Release|Any CPU
		{DB70ECA6-0F65-4B55-B020-DBD86362294E}.Release|Any CPU.Build.0 = Release|Any CPU
		{DB70ECA6-0F65-4B55-B020-DBD86362294E}.Release|x64.ActiveCfg = Release|Any CPU
		{DB70ECA6-0F65-4B55-B020-DBD86362294E}.Release|x64.Build.0 = Release|Any CPU
		{DB70ECA6-0F65-4B55-B020-DBD86362294E}.Release|x86.ActiveCfg = Release|Any CPU
		{DB70ECA6-0F65-4B55-B020-DBD86362294E}.Release|x86.Build.0 = Release|Any CPU
		{A19FB835-93D7-4EB4-96ED-74771F79E498}.Debug|Any CPU.ActiveCfg = Debug|Any CPU
		{A19FB835-93D7-4EB4-96ED-74771F79E498}.Debug|Any CPU.Build.0 = Debug|Any CPU
		{A19FB835-93D7-4EB4-96ED-74771F79E498}.Release|Any CPU.ActiveCfg = Release|Any CPU
		{A19FB835-93D7-4EB4-96ED-74771F79E498}.Release|Any CPU.Build.0 = Release|Any CPU
		{6A1B38C6-8A79-4D50-B810-0501E2028D95}.Debug|Any CPU.ActiveCfg = Debug|Any CPU
		{6A1B38C6-8A79-4D50-B810-0501E2028D95}.Debug|Any CPU.Build.0 = Debug|Any CPU
		{6A1B38C6-8A79-4D50-B810-0501E2028D95}.Release|Any CPU.ActiveCfg = Release|Any CPU
		{6A1B38C6-8A79-4D50-B810-0501E2028D95}.Release|Any CPU.Build.0 = Release|Any CPU
		{F9089217-CACF-4742-A98B-C3C86C9F9CC5}.Debug|Any CPU.ActiveCfg = Debug|Any CPU
		{F9089217-CACF-4742-A98B-C3C86C9F9CC5}.Debug|Any CPU.Build.0 = Debug|Any CPU
		{F9089217-CACF-4742-A98B-C3C86C9F9CC5}.Debug|x64.ActiveCfg = Debug|Any CPU
		{F9089217-CACF-4742-A98B-C3C86C9F9CC5}.Debug|x64.Build.0 = Debug|Any CPU
		{F9089217-CACF-4742-A98B-C3C86C9F9CC5}.Debug|x86.ActiveCfg = Debug|Any CPU
		{F9089217-CACF-4742-A98B-C3C86C9F9CC5}.Debug|x86.Build.0 = Debug|Any CPU
		{F9089217-CACF-4742-A98B-C3C86C9F9CC5}.Release|Any CPU.ActiveCfg = Release|Any CPU
		{F9089217-CACF-4742-A98B-C3C86C9F9CC5}.Release|Any CPU.Build.0 = Release|Any CPU
		{F9089217-CACF-4742-A98B-C3C86C9F9CC5}.Release|x64.ActiveCfg = Release|Any CPU
		{F9089217-CACF-4742-A98B-C3C86C9F9CC5}.Release|x64.Build.0 = Release|Any CPU
		{F9089217-CACF-4742-A98B-C3C86C9F9CC5}.Release|x86.ActiveCfg = Release|Any CPU
		{F9089217-CACF-4742-A98B-C3C86C9F9CC5}.Release|x86.Build.0 = Release|Any CPU
		{1C5BF0A5-7A47-417D-A345-4A622A85B8D4}.Debug|Any CPU.ActiveCfg = Debug|Any CPU
		{1C5BF0A5-7A47-417D-A345-4A622A85B8D4}.Debug|Any CPU.Build.0 = Debug|Any CPU
		{1C5BF0A5-7A47-417D-A345-4A622A85B8D4}.Debug|x64.ActiveCfg = Debug|Any CPU
		{1C5BF0A5-7A47-417D-A345-4A622A85B8D4}.Debug|x64.Build.0 = Debug|Any CPU
		{1C5BF0A5-7A47-417D-A345-4A622A85B8D4}.Debug|x86.ActiveCfg = Debug|Any CPU
		{1C5BF0A5-7A47-417D-A345-4A622A85B8D4}.Debug|x86.Build.0 = Debug|Any CPU
		{1C5BF0A5-7A47-417D-A345-4A622A85B8D4}.Release|Any CPU.ActiveCfg = Release|Any CPU
		{1C5BF0A5-7A47-417D-A345-4A622A85B8D4}.Release|Any CPU.Build.0 = Release|Any CPU
		{1C5BF0A5-7A47-417D-A345-4A622A85B8D4}.Release|x64.ActiveCfg = Release|Any CPU
		{1C5BF0A5-7A47-417D-A345-4A622A85B8D4}.Release|x64.Build.0 = Release|Any CPU
		{1C5BF0A5-7A47-417D-A345-4A622A85B8D4}.Release|x86.ActiveCfg = Release|Any CPU
		{1C5BF0A5-7A47-417D-A345-4A622A85B8D4}.Release|x86.Build.0 = Release|Any CPU
		{7B66342D-5684-4EE8-9AAE-C96F48BFB48A}.Debug|Any CPU.ActiveCfg = Debug|Any CPU
		{7B66342D-5684-4EE8-9AAE-C96F48BFB48A}.Debug|Any CPU.Build.0 = Debug|Any CPU
		{7B66342D-5684-4EE8-9AAE-C96F48BFB48A}.Debug|x64.ActiveCfg = Debug|Any CPU
		{7B66342D-5684-4EE8-9AAE-C96F48BFB48A}.Debug|x64.Build.0 = Debug|Any CPU
		{7B66342D-5684-4EE8-9AAE-C96F48BFB48A}.Debug|x86.ActiveCfg = Debug|Any CPU
		{7B66342D-5684-4EE8-9AAE-C96F48BFB48A}.Debug|x86.Build.0 = Debug|Any CPU
		{7B66342D-5684-4EE8-9AAE-C96F48BFB48A}.Release|Any CPU.ActiveCfg = Release|Any CPU
		{7B66342D-5684-4EE8-9AAE-C96F48BFB48A}.Release|Any CPU.Build.0 = Release|Any CPU
		{7B66342D-5684-4EE8-9AAE-C96F48BFB48A}.Release|x64.ActiveCfg = Release|Any CPU
		{7B66342D-5684-4EE8-9AAE-C96F48BFB48A}.Release|x64.Build.0 = Release|Any CPU
		{7B66342D-5684-4EE8-9AAE-C96F48BFB48A}.Release|x86.ActiveCfg = Release|Any CPU
		{7B66342D-5684-4EE8-9AAE-C96F48BFB48A}.Release|x86.Build.0 = Release|Any CPU
		{63709586-DC10-4C57-8A15-A66C543D99DB}.Debug|Any CPU.ActiveCfg = Debug|Any CPU
		{63709586-DC10-4C57-8A15-A66C543D99DB}.Debug|Any CPU.Build.0 = Debug|Any CPU
		{63709586-DC10-4C57-8A15-A66C543D99DB}.Debug|x64.ActiveCfg = Debug|Any CPU
		{63709586-DC10-4C57-8A15-A66C543D99DB}.Debug|x64.Build.0 = Debug|Any CPU
		{63709586-DC10-4C57-8A15-A66C543D99DB}.Debug|x86.ActiveCfg = Debug|Any CPU
		{63709586-DC10-4C57-8A15-A66C543D99DB}.Debug|x86.Build.0 = Debug|Any CPU
		{63709586-DC10-4C57-8A15-A66C543D99DB}.Release|Any CPU.ActiveCfg = Release|Any CPU
		{63709586-DC10-4C57-8A15-A66C543D99DB}.Release|Any CPU.Build.0 = Release|Any CPU
		{63709586-DC10-4C57-8A15-A66C543D99DB}.Release|x64.ActiveCfg = Release|Any CPU
		{63709586-DC10-4C57-8A15-A66C543D99DB}.Release|x64.Build.0 = Release|Any CPU
		{63709586-DC10-4C57-8A15-A66C543D99DB}.Release|x86.ActiveCfg = Release|Any CPU
		{63709586-DC10-4C57-8A15-A66C543D99DB}.Release|x86.Build.0 = Release|Any CPU
		{E79CDE3C-C12A-4B1A-8C6D-BD759EC9EE7E}.Debug|Any CPU.ActiveCfg = Debug|Any CPU
		{E79CDE3C-C12A-4B1A-8C6D-BD759EC9EE7E}.Debug|Any CPU.Build.0 = Debug|Any CPU
		{E79CDE3C-C12A-4B1A-8C6D-BD759EC9EE7E}.Debug|x64.ActiveCfg = Debug|Any CPU
		{E79CDE3C-C12A-4B1A-8C6D-BD759EC9EE7E}.Debug|x64.Build.0 = Debug|Any CPU
		{E79CDE3C-C12A-4B1A-8C6D-BD759EC9EE7E}.Debug|x86.ActiveCfg = Debug|Any CPU
		{E79CDE3C-C12A-4B1A-8C6D-BD759EC9EE7E}.Debug|x86.Build.0 = Debug|Any CPU
		{E79CDE3C-C12A-4B1A-8C6D-BD759EC9EE7E}.Release|Any CPU.ActiveCfg = Release|Any CPU
		{E79CDE3C-C12A-4B1A-8C6D-BD759EC9EE7E}.Release|Any CPU.Build.0 = Release|Any CPU
		{E79CDE3C-C12A-4B1A-8C6D-BD759EC9EE7E}.Release|x64.ActiveCfg = Release|Any CPU
		{E79CDE3C-C12A-4B1A-8C6D-BD759EC9EE7E}.Release|x64.Build.0 = Release|Any CPU
		{E79CDE3C-C12A-4B1A-8C6D-BD759EC9EE7E}.Release|x86.ActiveCfg = Release|Any CPU
		{E79CDE3C-C12A-4B1A-8C6D-BD759EC9EE7E}.Release|x86.Build.0 = Release|Any CPU
		{830BDE69-72FC-4203-8EF2-35070F30F187}.Debug|Any CPU.ActiveCfg = Debug|Any CPU
		{830BDE69-72FC-4203-8EF2-35070F30F187}.Debug|Any CPU.Build.0 = Debug|Any CPU
		{830BDE69-72FC-4203-8EF2-35070F30F187}.Debug|x64.ActiveCfg = Debug|Any CPU
		{830BDE69-72FC-4203-8EF2-35070F30F187}.Debug|x64.Build.0 = Debug|Any CPU
		{830BDE69-72FC-4203-8EF2-35070F30F187}.Debug|x86.ActiveCfg = Debug|Any CPU
		{830BDE69-72FC-4203-8EF2-35070F30F187}.Debug|x86.Build.0 = Debug|Any CPU
		{830BDE69-72FC-4203-8EF2-35070F30F187}.Release|Any CPU.ActiveCfg = Release|Any CPU
		{830BDE69-72FC-4203-8EF2-35070F30F187}.Release|Any CPU.Build.0 = Release|Any CPU
		{830BDE69-72FC-4203-8EF2-35070F30F187}.Release|x64.ActiveCfg = Release|Any CPU
		{830BDE69-72FC-4203-8EF2-35070F30F187}.Release|x64.Build.0 = Release|Any CPU
		{830BDE69-72FC-4203-8EF2-35070F30F187}.Release|x86.ActiveCfg = Release|Any CPU
		{830BDE69-72FC-4203-8EF2-35070F30F187}.Release|x86.Build.0 = Release|Any CPU
		{64BC9AEA-E6DA-4B20-A61E-67688BBA990B}.Debug|Any CPU.ActiveCfg = Debug|Any CPU
		{64BC9AEA-E6DA-4B20-A61E-67688BBA990B}.Debug|Any CPU.Build.0 = Debug|Any CPU
		{64BC9AEA-E6DA-4B20-A61E-67688BBA990B}.Debug|x64.ActiveCfg = Debug|Any CPU
		{64BC9AEA-E6DA-4B20-A61E-67688BBA990B}.Debug|x64.Build.0 = Debug|Any CPU
		{64BC9AEA-E6DA-4B20-A61E-67688BBA990B}.Debug|x86.ActiveCfg = Debug|Any CPU
		{64BC9AEA-E6DA-4B20-A61E-67688BBA990B}.Debug|x86.Build.0 = Debug|Any CPU
		{64BC9AEA-E6DA-4B20-A61E-67688BBA990B}.Release|Any CPU.ActiveCfg = Release|Any CPU
		{64BC9AEA-E6DA-4B20-A61E-67688BBA990B}.Release|Any CPU.Build.0 = Release|Any CPU
		{64BC9AEA-E6DA-4B20-A61E-67688BBA990B}.Release|x64.ActiveCfg = Release|Any CPU
		{64BC9AEA-E6DA-4B20-A61E-67688BBA990B}.Release|x64.Build.0 = Release|Any CPU
		{64BC9AEA-E6DA-4B20-A61E-67688BBA990B}.Release|x86.ActiveCfg = Release|Any CPU
		{64BC9AEA-E6DA-4B20-A61E-67688BBA990B}.Release|x86.Build.0 = Release|Any CPU
	EndGlobalSection
	GlobalSection(SolutionProperties) = preSolution
		HideSolutionNode = FALSE
	EndGlobalSection
	GlobalSection(NestedProjects) = preSolution
		{3331DC78-64B5-4065-B8E9-DC919A427C38} = {827E0CD3-B72D-47B6-A68D-7590B98EB39B}
		{D0B41D11-177F-43C1-9730-6D75322AC1FB} = {827E0CD3-B72D-47B6-A68D-7590B98EB39B}
		{D312F8F3-C599-747A-8219-C6E6A05B01D9} = {0AB3BF05-4346-4AA6-1389-037BE0695223}
		{0C2DBDB4-4B24-4845-91BF-F0E8442C7905} = {D312F8F3-C599-747A-8219-C6E6A05B01D9}
		{A085316C-2B5D-4ABF-BAFE-73C0FD486DC9} = {827E0CD3-B72D-47B6-A68D-7590B98EB39B}
		{4F35C7B8-D74C-4F4B-B7BA-B952BED21B31} = {827E0CD3-B72D-47B6-A68D-7590B98EB39B}
		{61EC9A7F-EB77-4E68-97D4-B2C77525F943} = {827E0CD3-B72D-47B6-A68D-7590B98EB39B}
		{7D1F5B3E-6AB2-4F49-A58D-7811BAF0C921} = {827E0CD3-B72D-47B6-A68D-7590B98EB39B}
		{8E2A6C4F-7BC3-405A-B69E-8922CB01DA32} = {827E0CD3-B72D-47B6-A68D-7590B98EB39B}
		{DB70ECA6-0F65-4B55-B020-DBD86362294E} = {0AB3BF05-4346-4AA6-1389-037BE0695223}
		{A19FB835-93D7-4EB4-96ED-74771F79E498} = {827E0CD3-B72D-47B6-A68D-7590B98EB39B}
		{F9089217-CACF-4742-A98B-C3C86C9F9CC5} = {827E0CD3-B72D-47B6-A68D-7590B98EB39B}
		{1C5BF0A5-7A47-417D-A345-4A622A85B8D4} = {0AB3BF05-4346-4AA6-1389-037BE0695223}
		{7B66342D-5684-4EE8-9AAE-C96F48BFB48A} = {827E0CD3-B72D-47B6-A68D-7590B98EB39B}
		{63709586-DC10-4C57-8A15-A66C543D99DB} = {827E0CD3-B72D-47B6-A68D-7590B98EB39B}
		{E79CDE3C-C12A-4B1A-8C6D-BD759EC9EE7E} = {827E0CD3-B72D-47B6-A68D-7590B98EB39B}
		{830BDE69-72FC-4203-8EF2-35070F30F187} = {827E0CD3-B72D-47B6-A68D-7590B98EB39B}
		{64BC9AEA-E6DA-4B20-A61E-67688BBA990B} = {827E0CD3-B72D-47B6-A68D-7590B98EB39B}
	EndGlobalSection
EndGlobal
